
Microsoft Visual Studio Solution File, Format Version 12.00
Project("{FAE04EC0-301F-11D3-BF4B-00C04F79EFBC}") = "employees 2", "employees 2\employees 2.csproj", "{75E1D205-F49C-4ACF-8E10-C9C2F776D0F8}"
EndProject
Global
	GlobalSection(SolutionConfigurationPlatforms) = preSolution
		Debug|Any CPU = Debug|Any CPU
		Release|Any CPU = Release|Any CPU
	EndGlobalSection
	GlobalSection(ProjectConfigurationPlatforms) = postSolution
		{75E1D205-F49C-4ACF-8E10-C9C2F776D0F8}.Debug|Any CPU.ActiveCfg = Debug|Any CPU
		{75E1D205-F49C-4ACF-8E10-C9C2F776D0F8}.Debug|Any CPU.Build.0 = Debug|Any CPU
		{75E1D205-F49C-4ACF-8E10-C9C2F776D0F8}.Release|Any CPU.ActiveCfg = Release|Any CPU
		{75E1D205-F49C-4ACF-8E10-C9C2F776D0F8}.Release|Any CPU.Build.0 = Release|Any CPU
	EndGlobalSection
EndGlobal
